
Microsoft Visual Studio Solution File, Format Version 12.00
# Visual Studio Version 17
VisualStudioVersion = 17.14.36518.9 d17.14
MinimumVisualStudioVersion = 10.0.40219.1
Project("{8BC9CEB8-8B4A-11D0-8D11-00A0C91BC942}") = "dwa", "dwa\dwa.vcxproj", "{E3286827-2E5E-4590-8EC3-16B8219648F9}"
EndProject
Global
	GlobalSection(SolutionConfigurationPlatforms) = preSolution
		Debug|x64 = Debug|x64
		Debug|x86 = Debug|x86
		Release|x64 = Release|x64
		Release|x86 = Release|x86
	EndGlobalSection
	GlobalSection(ProjectConfigurationPlatforms) = postSolution
		{E3286827-2E5E-4590-8EC3-16B8219648F9}.Debug|x64.ActiveCfg = Debug|x64
		{E3286827-2E5E-4590-8EC3-16B8219648F9}.Debug|x64.Build.0 = Debug|x64
		{E3286827-2E5E-4590-8EC3-16B8219648F9}.Debug|x86.ActiveCfg = Debug|Win32
		{E3286827-2E5E-4590-8EC3-16B8219648F9}.Debug|x86.Build.0 = Debug|Win32
		{E3286827-2E5E-4590-8EC3-16B8219648F9}.Release|x64.ActiveCfg = Release|x64
		{E3286827-2E5E-4590-8EC3-16B8219648F9}.Release|x64.Build.0 = Release|x64
		{E3286827-2E5E-4590-8EC3-16B8219648F9}.Release|x86.ActiveCfg = Release|Win32
		{E3286827-2E5E-4590-8EC3-16B8219648F9}.Release|x86.Build.0 = Release|Win32
	EndGlobalSection
	GlobalSection(SolutionProperties) = preSolution
		HideSolutionNode = FALSE
	EndGlobalSection
	GlobalSection(ExtensibilityGlobals) = postSolution
		SolutionGuid = {F1A389C1-D392-47F3-821E-752898A0F795}
	EndGlobalSection
EndGlobal
